
Microsoft Visual Studio Solution File, Format Version 12.00
# Visual Studio Version 17
VisualStudioVersion = 17.14.36414.22 d17.14
MinimumVisualStudioVersion = 10.0.40219.1
Project("{FAE04EC0-301F-11D3-BF4B-00C04F79EFBC}") = "Ex9", "Ex9\Ex9.csproj", "{73CBD310-201C-42C5-90D4-1CB5C3FF44A8}"
EndProject
Global
	GlobalSection(SolutionConfigurationPlatforms) = preSolution
		Debug|Any CPU = Debug|Any CPU
		Release|Any CPU = Release|Any CPU
	EndGlobalSection
	GlobalSection(ProjectConfigurationPlatforms) = postSolution
		{73CBD310-201C-42C5-90D4-1CB5C3FF44A8}.Debug|Any CPU.ActiveCfg = Debug|Any CPU
		{73CBD310-201C-42C5-90D4-1CB5C3FF44A8}.Debug|Any CPU.Build.0 = Debug|Any CPU
		{73CBD310-201C-42C5-90D4-1CB5C3FF44A8}.Release|Any CPU.ActiveCfg = Release|Any CPU
		{73CBD310-201C-42C5-90D4-1CB5C3FF44A8}.Release|Any CPU.Build.0 = Release|Any CPU
	EndGlobalSection
	GlobalSection(SolutionProperties) = preSolution
		HideSolutionNode = FALSE
	EndGlobalSection
	GlobalSection(ExtensibilityGlobals) = postSolution
		SolutionGuid = {49D86B1B-3BC2-4DB0-A10A-677F419A4BAE}
	EndGlobalSection
EndGlobal
