
Microsoft Visual Studio Solution File, Format Version 12.00
# Visual Studio Version 17
VisualStudioVersion = 17.14.36414.22 d17.14
MinimumVisualStudioVersion = 10.0.40219.1
Project("{FAE04EC0-301F-11D3-BF4B-00C04F79EFBC}") = "Ex5", "Ex5\Ex5.csproj", "{7807C4AD-1382-4ECF-9F5C-CF1CE68A69B8}"
EndProject
Global
	GlobalSection(SolutionConfigurationPlatforms) = preSolution
		Debug|Any CPU = Debug|Any CPU
		Release|Any CPU = Release|Any CPU
	EndGlobalSection
	GlobalSection(ProjectConfigurationPlatforms) = postSolution
		{7807C4AD-1382-4ECF-9F5C-CF1CE68A69B8}.Debug|Any CPU.ActiveCfg = Debug|Any CPU
		{7807C4AD-1382-4ECF-9F5C-CF1CE68A69B8}.Debug|Any CPU.Build.0 = Debug|Any CPU
		{7807C4AD-1382-4ECF-9F5C-CF1CE68A69B8}.Release|Any CPU.ActiveCfg = Release|Any CPU
		{7807C4AD-1382-4ECF-9F5C-CF1CE68A69B8}.Release|Any CPU.Build.0 = Release|Any CPU
	EndGlobalSection
	GlobalSection(SolutionProperties) = preSolution
		HideSolutionNode = FALSE
	EndGlobalSection
	GlobalSection(ExtensibilityGlobals) = postSolution
		SolutionGuid = {C1A15E07-5099-496D-A49E-3876869DFE95}
	EndGlobalSection
EndGlobal
